
Microsoft Visual Studio Solution File, Format Version 12.00
# Visual Studio Version 16
VisualStudioVersion = 16.0.31624.102
MinimumVisualStudioVersion = 10.0.40219.1
Project("{FAE04EC0-301F-11D3-BF4B-00C04F79EFBC}") = "Cookies", "Cookies\Cookies.csproj", "{88EFDB49-A8D9-4504-9180-02553BBADF6A}"
EndProject
Global
	GlobalSection(SolutionConfigurationPlatforms) = preSolution
		Debug|Any CPU = Debug|Any CPU
		Release|Any CPU = Release|Any CPU
	EndGlobalSection
	GlobalSection(ProjectConfigurationPlatforms) = postSolution
		{88EFDB49-A8D9-4504-9180-02553BBADF6A}.Debug|Any CPU.ActiveCfg = Debug|Any CPU
		{88EFDB49-A8D9-4504-9180-02553BBADF6A}.Debug|Any CPU.Build.0 = Debug|Any CPU
		{88EFDB49-A8D9-4504-9180-02553BBADF6A}.Release|Any CPU.ActiveCfg = Release|Any CPU
		{88EFDB49-A8D9-4504-9180-02553BBADF6A}.Release|Any CPU.Build.0 = Release|Any CPU
	EndGlobalSection
	GlobalSection(SolutionProperties) = preSolution
		HideSolutionNode = FALSE
	EndGlobalSection
	GlobalSection(ExtensibilityGlobals) = postSolution
		SolutionGuid = {9BCEB27D-A23E-4732-B43D-8DDEC6725EC7}
	EndGlobalSection
EndGlobal
